
Microsoft Visual Studio Solution File, Format Version 12.00
# Visual Studio Version 16
VisualStudioVersion = 16.0.31624.102
MinimumVisualStudioVersion = 10.0.40219.1
Project("{9A19103F-16F7-4668-BE54-9A1E7A4F7556}") = "SportLibrary", "SportLibrary.csproj", "{81A30516-1BF0-4B70-B828-312DFF793C1E}"
EndProject
Project("{FAE04EC0-301F-11D3-BF4B-00C04F79EFBC}") = "Project1", "..\Project1\Project1.csproj", "{3B1C8868-F325-4C73-AAA3-348CDC22A2C9}"
EndProject
Global
	GlobalSection(SolutionConfigurationPlatforms) = preSolution
		Debug|Any CPU = Debug|Any CPU
		Release|Any CPU = Release|Any CPU
	EndGlobalSection
	GlobalSection(ProjectConfigurationPlatforms) = postSolution
		{81A30516-1BF0-4B70-B828-312DFF793C1E}.Debug|Any CPU.ActiveCfg = Debug|Any CPU
		{81A30516-1BF0-4B70-B828-312DFF793C1E}.Debug|Any CPU.Build.0 = Debug|Any CPU
		{81A30516-1BF0-4B70-B828-312DFF793C1E}.Release|Any CPU.ActiveCfg = Release|Any CPU
		{81A30516-1BF0-4B70-B828-312DFF793C1E}.Release|Any CPU.Build.0 = Release|Any CPU
		{3B1C8868-F325-4C73-AAA3-348CDC22A2C9}.Debug|Any CPU.ActiveCfg = Debug|Any CPU
		{3B1C8868-F325-4C73-AAA3-348CDC22A2C9}.Debug|Any CPU.Build.0 = Debug|Any CPU
		{3B1C8868-F325-4C73-AAA3-348CDC22A2C9}.Release|Any CPU.ActiveCfg = Release|Any CPU
		{3B1C8868-F325-4C73-AAA3-348CDC22A2C9}.Release|Any CPU.Build.0 = Release|Any CPU
	EndGlobalSection
	GlobalSection(SolutionProperties) = preSolution
		HideSolutionNode = FALSE
	EndGlobalSection
	GlobalSection(ExtensibilityGlobals) = postSolution
		SolutionGuid = {B2250695-4F94-4559-8DDE-0D341CEE4716}
	EndGlobalSection
EndGlobal
